// !$*UTF8*$!
{
	archiveVersion = 1;
	classes = {
	};
	objectVersion = 46;
	objects = {

/* Begin PBXBuildFile section */
		9F0C7A131A960D460000BC2A /* AppDelegate.swift in Sources */ = {isa = PBXBuildFile; fileRef = 9F0C7A121A960D460000BC2A /* AppDelegate.swift */; };
		9F0C7A151A960D460000BC2A /* ViewController.swift in Sources */ = {isa = PBXBuildFile; fileRef = 9F0C7A141A960D460000BC2A /* ViewController.swift */; };
		9F0C7A181A960D460000BC2A /* Main.storyboard in Resources */ = {isa = PBXBuildFile; fileRef = 9F0C7A161A960D460000BC2A /* Main.storyboard */; };
		9F0C7A1A1A960D460000BC2A /* Images.xcassets in Resources */ = {isa = PBXBuildFile; fileRef = 9F0C7A191A960D460000BC2A /* Images.xcassets */; };
		9F0C7A1D1A960D460000BC2A /* LaunchScreen.xib in Resources */ = {isa = PBXBuildFile; fileRef = 9F0C7A1B1A960D460000BC2A /* LaunchScreen.xib */; };
		9F0C7A291A960D460000BC2A /* _Weather_Tests.swift in Sources */ = {isa = PBXBuildFile; fileRef = 9F0C7A281A960D460000BC2A /* _Weather_Tests.swift */; };
		9F5C58951A96D78700F44608 /* weatherPic.jpeg in Resources */ = {isa = PBXBuildFile; fileRef = 9F5C58941A96D78700F44608 /* weatherPic.jpeg */; };
/* End PBXBuildFile section */

/* Begin PBXContainerItemProxy section */
		9F0C7A231A960D460000BC2A /* PBXContainerItemProxy */ = {
			isa = PBXContainerItemProxy;
			containerPortal = 9F0C7A051A960D460000BC2A /* Project object */;
			proxyType = 1;
			remoteGlobalIDString = 9F0C7A0C1A960D460000BC2A;
			remoteInfo = "¿Weather?";
		};
/* End PBXContainerItemProxy section */

/* Begin PBXFileReference section */
		9F0C7A0D1A960D460000BC2A /* ¿Weather?.app */ = {isa = PBXFileReference; explicitFileType = wrapper.application; includeInIndex = 0; path = "¿Weather?.app"; sourceTree = BUILT_PRODUCTS_DIR; };
		9F0C7A111A960D460000BC2A /* Info.plist */ = {isa = PBXFileReference; lastKnownFileType = text.plist.xml; path = Info.plist; sourceTree = "<group>"; };
		9F0C7A121A960D460000BC2A /* AppDelegate.swift */ = {isa = PBXFileReference; lastKnownFileType = sourcecode.swift; path = AppDelegate.swift; sourceTree = "<group>"; };
		9F0C7A141A960D460000BC2A /* ViewController.swift */ = {isa = PBXFileReference; lastKnownFileType = sourcecode.swift; path = ViewController.swift; sourceTree = "<group>"; };
		9F0C7A171A960D460000BC2A /* Base */ = {isa = PBXFileReference; lastKnownFileType = file.storyboard; name = Base; path = Base.lproj/Main.storyboard; sourceTree = "<group>"; };
		9F0C7A191A960D460000BC2A /* Images.xcassets */ = {isa = PBXFileReference; lastKnownFileType = folder.assetcatalog; path = Images.xcassets; sourceTree = "<group>"; };
		9F0C7A1C1A960D460000BC2A /* Base */ = {isa = PBXFileReference; lastKnownFileType = file.xib; name = Base; path = Base.lproj/LaunchScreen.xib; sourceTree = "<group>"; };
		9F0C7A221A960D460000BC2A /* ¿Weather?Tests.xctest */ = {isa = PBXFileReference; explicitFileType = wrapper.cfbundle; includeInIndex = 0; path = "¿Weather?Tests.xctest"; sourceTree = BUILT_PRODUCTS_DIR; };
		9F0C7A271A960D460000BC2A /* Info.plist */ = {isa = PBXFileReference; lastKnownFileType = text.plist.xml; path = Info.plist; sourceTree = "<group>"; };
		9F0C7A281A960D460000BC2A /* _Weather_Tests.swift */ = {isa = PBXFileReference; lastKnownFileType = sourcecode.swift; path = _Weather_Tests.swift; sourceTree = "<group>"; };
		9F5C58941A96D78700F44608 /* weatherPic.jpeg */ = {isa = PBXFileReference; lastKnownFileType = image.jpeg; name = weatherPic.jpeg; path = ../../../../Pictures/weatherPic.jpeg; sourceTree = "<group>"; };
/* End PBXFileReference section */

/* Begin PBXFrameworksBuildPhase section */
		9F0C7A0A1A960D460000BC2A /* Frameworks */ = {
			isa = PBXFrameworksBuildPhase;
			buildActionMask = 2147483647;
			files = (
			);
			runOnlyForDeploymentPostprocessing = 0;
		};
		9F0C7A1F1A960D460000BC2A /* Frameworks */ = {
			isa = PBXFrameworksBuildPhase;
			buildActionMask = 2147483647;
			files = (
			);
			runOnlyForDeploymentPostprocessing = 0;
		};
/* End PBXFrameworksBuildPhase section */

/* Begin PBXGroup section */
		9F0C7A041A960D460000BC2A = {
			isa = PBXGroup;
			children = (
				9F0C7A0F1A960D460000BC2A /* ¿Weather? */,
				9F0C7A251A960D460000BC2A /* ¿Weather?Tests */,
				9F0C7A0E1A960D460000BC2A /* Products */,
			);
			sourceTree = "<group>";
		};
		9F0C7A0E1A960D460000BC2A /* Products */ = {
			isa = PBXGroup;
			children = (
				9F0C7A0D1A960D460000BC2A /* ¿Weather?.app */,
				9F0C7A221A960D460000BC2A /* ¿Weather?Tests.xctest */,
			);
			name = Products;
			sourceTree = "<group>";
		};
		9F0C7A0F1A960D460000BC2A /* ¿Weather? */ = {
			isa = PBXGroup;
			children = (
				9F0C7A121A960D460000BC2A /* AppDelegate.swift */,
				9F0C7A141A960D460000BC2A /* ViewController.swift */,
				9F0C7A161A960D460000BC2A /* Main.storyboard */,
				9F0C7A191A960D460000BC2A /* Images.xcassets */,
				9F0C7A1B1A960D460000BC2A /* LaunchScreen.xib */,
				9F5C58941A96D78700F44608 /* weatherPic.jpeg */,
				9F0C7A101A960D460000BC2A /* Supporting Files */,
			);
			path = "¿Weather?";
			sourceTree = "<group>";
		};
		9F0C7A101A960D460000BC2A /* Supporting Files */ = {
			isa = PBXGroup;
			children = (
				9F0C7A111A960D460000BC2A /* Info.plist */,
			);
			name = "Supporting Files";
			sourceTree = "<group>";
		};
		9F0C7A251A960D460000BC2A /* ¿Weather?Tests */ = {
			isa = PBXGroup;
			children = (
				9F0C7A281A960D460000BC2A /* _Weather_Tests.swift */,
				9F0C7A261A960D460000BC2A /* Supporting Files */,
			);
			path = "¿Weather?Tests";
			sourceTree = "<group>";
		};
		9F0C7A261A960D460000BC2A /* Supporting Files */ = {
			isa = PBXGroup;
			children = (
				9F0C7A271A960D460000BC2A /* Info.plist */,
			);
			name = "Supporting Files";
			sourceTree = "<group>";
		};
/* End PBXGroup section */

/* Begin PBXNativeTarget section */
		9F0C7A0C1A960D460000BC2A /* ¿Weather? */ = {
			isa = PBXNativeTarget;
			buildConfigurationList = 9F0C7A2C1A960D460000BC2A /* Build configuration list for PBXNativeTarget "¿Weather?" */;
			buildPhases = (
				9F0C7A091A960D460000BC2A /* Sources */,
				9F0C7A0A1A960D460000BC2A /* Frameworks */,
				9F0C7A0B1A960D460000BC2A /* Resources */,
			);
			buildRules = (
			);
			dependencies = (
			);
			name = "¿Weather?";
			productName = "¿Weather?";
			productReference = 9F0C7A0D1A960D460000BC2A /* ¿Weather?.app */;
			productType = "com.apple.product-type.application";
		};
		9F0C7A211A960D460000BC2A /* ¿Weather?Tests */ = {
			isa = PBXNativeTarget;
			buildConfigurationList = 9F0C7A2F1A960D460000BC2A /* Build configuration list for PBXNativeTarget "¿Weather?Tests" */;
			buildPhases = (
				9F0C7A1E1A960D460000BC2A /* Sources */,
				9F0C7A1F1A960D460000BC2A /* Frameworks */,
				9F0C7A201A960D460000BC2A /* Resources */,
			);
			buildRules = (
			);
			dependencies = (
				9F0C7A241A960D460000BC2A /* PBXTargetDependency */,
			);
			name = "¿Weather?Tests";
			productName = "¿Weather?Tests";
			productReference = 9F0C7A221A960D460000BC2A /* ¿Weather?Tests.xctest */;
			productType = "com.apple.product-type.bundle.unit-test";
		};
/* End PBXNativeTarget section */

/* Begin PBXProject section */
		9F0C7A051A960D460000BC2A /* Project object */ = {
			isa = PBXProject;
			attributes = {
				LastUpgradeCheck = 0610;
				ORGANIZATIONNAME = jasmo2;
				TargetAttributes = {
					9F0C7A0C1A960D460000BC2A = {
						CreatedOnToolsVersion = 6.1.1;
					};
					9F0C7A211A960D460000BC2A = {
						CreatedOnToolsVersion = 6.1.1;
						TestTargetID = 9F0C7A0C1A960D460000BC2A;
					};
				};
			};
			buildConfigurationList = 9F0C7A081A960D460000BC2A /* Build configuration list for PBXProject "¿Weather?" */;
			compatibilityVersion = "Xcode 3.2";
			developmentRegion = English;
			hasScannedForEncodings = 0;
			knownRegions = (
				en,
				Base,
			);
			mainGroup = 9F0C7A041A960D460000BC2A;
			productRefGroup = 9F0C7A0E1A960D460000BC2A /* Products */;
			projectDirPath = "";
			projectRoot = "";
			targets = (
				9F0C7A0C1A960D460000BC2A /* ¿Weather? */,
				9F0C7A211A960D460000BC2A /* ¿Weather?Tests */,
			);
		};
/* End PBXProject section */

/* Begin PBXResourcesBuildPhase section */
		9F0C7A0B1A960D460000BC2A /* Resources */ = {
			isa = PBXResourcesBuildPhase;
			buildActionMask = 2147483647;
			files = (
				9F0C7A181A960D460000BC2A /* Main.storyboard in Resources */,
				9F0C7A1D1A960D460000BC2A /* LaunchScreen.xib in Resources */,
				9F0C7A1A1A960D460000BC2A /* Images.xcassets in Resources */,
				9F5C58951A96D78700F44608 /* weatherPic.jpeg in Resources */,
			);
			runOnlyForDeploymentPostprocessing = 0;
		};
		9F0C7A201A960D460000BC2A /* Resources */ = {
			isa = PBXResourcesBuildPhase;
			buildActionMask = 2147483647;
			files = (
			);
			runOnlyForDeploymentPostprocessing = 0;
		};
/* End PBXResourcesBuildPhase section */

/* Begin PBXSourcesBuildPhase section */
		9F0C7A091A960D460000BC2A /* Sources */ = {
			isa = PBXSourcesBuildPhase;
			buildActionMask = 2147483647;
			files = (
				9F0C7A151A960D460000BC2A /* ViewController.swift in Sources */,
				9F0C7A131A960D460000BC2A /* AppDelegate.swift in Sources */,
			);
			runOnlyForDeploymentPostprocessing = 0;
		};
		9F0C7A1E1A960D460000BC2A /* Sources */ = {
			isa = PBXSourcesBuildPhase;
			buildActionMask = 2147483647;
			files = (
				9F0C7A291A960D460000BC2A /* _Weather_Tests.swift in Sources */,
			);
			runOnlyForDeploymentPostprocessing = 0;
		};
/* End PBXSourcesBuildPhase section */

/* Begin PBXTargetDependency section */
		9F0C7A241A960D460000BC2A /* PBXTargetDependency */ = {
			isa = PBXTargetDependency;
			target = 9F0C7A0C1A960D460000BC2A /* ¿Weather? */;
			targetProxy = 9F0C7A231A960D460000BC2A /* PBXContainerItemProxy */;
		};
/* End PBXTargetDependency section */

/* Begin PBXVariantGroup section */
		9F0C7A161A960D460000BC2A /* Main.storyboard */ = {
			isa = PBXVariantGroup;
			children = (
				9F0C7A171A960D460000BC2A /* Base */,
			);
			name = Main.storyboard;
			sourceTree = "<group>";
		};
		9F0C7A1B1A960D460000BC2A /* LaunchScreen.xib */ = {
			isa = PBXVariantGroup;
			children = (
				9F0C7A1C1A960D460000BC2A /* Base */,
			);
			name = LaunchScreen.xib;
			sourceTree = "<group>";
		};
/* End PBXVariantGroup section */

/* Begin XCBuildConfiguration section */
		9F0C7A2A1A960D460000BC2A /* Debug */ = {
			isa = XCBuildConfiguration;
			buildSettings = {
				ALWAYS_SEARCH_USER_PATHS = NO;
				CLANG_CXX_LANGUAGE_STANDARD = "gnu++0x";
				CLANG_CXX_LIBRARY = "libc++";
				CLANG_ENABLE_MODULES = YES;
				CLANG_ENABLE_OBJC_ARC = YES;
				CLANG_WARN_BOOL_CONVERSION = YES;
				CLANG_WARN_CONSTANT_CONVERSION = YES;
				CLANG_WARN_DIRECT_OBJC_ISA_USAGE = YES_ERROR;
				CLANG_WARN_EMPTY_BODY = YES;
				CLANG_WARN_ENUM_CONVERSION = YES;
				CLANG_WARN_INT_CONVERSION = YES;
				CLANG_WARN_OBJC_ROOT_CLASS = YES_ERROR;
				CLANG_WARN_UNREACHABLE_CODE = YES;
				CLANG_WARN__DUPLICATE_METHOD_MATCH = YES;
				"CODE_SIGN_IDENTITY[sdk=iphoneos*]" = "iPhone Developer";
				COPY_PHASE_STRIP = NO;
				ENABLE_STRICT_OBJC_MSGSEND = YES;
				GCC_C_LANGUAGE_STANDARD = gnu99;
				GCC_DYNAMIC_NO_PIC = NO;
				GCC_OPTIMIZATION_LEVEL = 0;
				GCC_PREPROCESSOR_DEFINITIONS = (
					"DEBUG=1",
					"$(inherited)",
				);
				GCC_SYMBOLS_PRIVATE_EXTERN = NO;
				GCC_WARN_64_TO_32_BIT_CONVERSION = YES;
				GCC_WARN_ABOUT_RETURN_TYPE = YES_ERROR;
				GCC_WARN_UNDECLARED_SELECTOR = YES;
				GCC_WARN_UNINITIALIZED_AUTOS = YES_AGGRESSIVE;
				GCC_WARN_UNUSED_FUNCTION = YES;
				GCC_WARN_UNUSED_VARIABLE = YES;
				IPHONEOS_DEPLOYMENT_TARGET = 8.1;
				MTL_ENABLE_DEBUG_INFO = YES;
				ONLY_ACTIVE_ARCH = YES;
				SDKROOT = iphoneos;
				SWIFT_OPTIMIZATION_LEVEL = "-Onone";
			};
			name = Debug;
		};
		9F0C7A2B1A960D460000BC2A /* Release */ = {
			isa = XCBuildConfiguration;
			buildSettings = {
				ALWAYS_SEARCH_USER_PATHS = NO;
				CLANG_CXX_LANGUAGE_STANDARD = "gnu++0x";
				CLANG_CXX_LIBRARY = "libc++";
				CLANG_ENABLE_MODULES = YES;
				CLANG_ENABLE_OBJC_ARC = YES;
				CLANG_WARN_BOOL_CONVERSION = YES;
				CLANG_WARN_CONSTANT_CONVERSION = YES;
				CLANG_WARN_DIRECT_OBJC_ISA_USAGE = YES_ERROR;
				CLANG_WARN_EMPTY_BODY = YES;
				CLANG_WARN_ENUM_CONVERSION = YES;
				CLANG_WARN_INT_CONVERSION = YES;
				CLANG_WARN_OBJC_ROOT_CLASS = YES_ERROR;
				CLANG_WARN_UNREACHABLE_CODE = YES;
				CLANG_WARN__DUPLICATE_METHOD_MATCH = YES;
				"CODE_SIGN_IDENTITY[sdk=iphoneos*]" = "iPhone Developer";
				COPY_PHASE_STRIP = YES;
				ENABLE_NS_ASSERTIONS = NO;
				ENABLE_STRICT_OBJC_MSGSEND = YES;
				GCC_C_LANGUAGE_STANDARD = gnu99;
				GCC_WARN_64_TO_32_BIT_CONVERSION = YES;
				GCC_WARN_ABOUT_RETURN_TYPE = YES_ERROR;
				GCC_WARN_UNDECLARED_SELECTOR = YES;
				GCC_WARN_UNINITIALIZED_AUTOS = YES_AGGRESSIVE;
				GCC_WARN_UNUSED_FUNCTION = YES;
				GCC_WARN_UNUSED_VARIABLE = YES;
				IPHONEOS_DEPLOYMENT_TARGET = 8.1;
				MTL_ENABLE_DEBUG_INFO = NO;
				SDKROOT = iphoneos;
				VALIDATE_PRODUCT = YES;
			};
			name = Release;
		};
		9F0C7A2D1A960D460000BC2A /* Debug */ = {
			isa = XCBuildConfiguration;
			buildSettings = {
				ASSETCATALOG_COMPILER_APPICON_NAME = AppIcon;
				INFOPLIST_FILE = "¿Weather?/Info.plist";
				LD_RUNPATH_SEARCH_PATHS = "$(inherited) @executable_path/Frameworks";
				PRODUCT_NAME = "$(TARGET_NAME)";
			};
			name = Debug;
		};
		9F0C7A2E1A960D460000BC2A /* Release */ = {
			isa = XCBuildConfiguration;
			buildSettings = {
				ASSETCATALOG_COMPILER_APPICON_NAME = AppIcon;
				INFOPLIST_FILE = "¿Weather?/Info.plist";
				LD_RUNPATH_SEARCH_PATHS = "$(inherited) @executable_path/Frameworks";
				PRODUCT_NAME = "$(TARGET_NAME)";
			};
			name = Release;
		};
		9F0C7A301A960D460000BC2A /* Debug */ = {
			isa = XCBuildConfiguration;
			buildSettings = {
				BUNDLE_LOADER = "$(TEST_HOST)";
				FRAMEWORK_SEARCH_PATHS = (
					"$(SDKROOT)/Developer/Library/Frameworks",
					"$(inherited)",
				);
				GCC_PREPROCESSOR_DEFINITIONS = (
					"DEBUG=1",
					"$(inherited)",
				);
				INFOPLIST_FILE = "¿Weather?Tests/Info.plist";
				LD_RUNPATH_SEARCH_PATHS = "$(inherited) @executable_path/Frameworks @loader_path/Frameworks";
				PRODUCT_NAME = "$(TARGET_NAME)";
				TEST_HOST = "$(BUILT_PRODUCTS_DIR)/¿Weather?.app/¿Weather?";
			};
			name = Debug;
		};
		9F0C7A311A960D460000BC2A /* Release */ = {
			isa = XCBuildConfiguration;
			buildSettings = {
				BUNDLE_LOADER = "$(TEST_HOST)";
				FRAMEWORK_SEARCH_PATHS = (
					"$(SDKROOT)/Developer/Library/Frameworks",
					"$(inherited)",
				);
				INFOPLIST_FILE = "¿Weather?Tests/Info.plist";
				LD_RUNPATH_SEARCH_PATHS = "$(inherited) @executable_path/Frameworks @loader_path/Frameworks";
				PRODUCT_NAME = "$(TARGET_NAME)";
				TEST_HOST = "$(BUILT_PRODUCTS_DIR)/¿Weather?.app/¿Weather?";
			};
			name = Release;
		};
/* End XCBuildConfiguration section */

/* Begin XCConfigurationList section */
		9F0C7A081A960D460000BC2A /* Build configuration list for PBXProject "¿Weather?" */ = {
			isa = XCConfigurationList;
			buildConfigurations = (
				9F0C7A2A1A960D460000BC2A /* Debug */,
				9F0C7A2B1A960D460000BC2A /* Release */,
			);
			defaultConfigurationIsVisible = 0;
			defaultConfigurationName = Release;
		};
		9F0C7A2C1A960D460000BC2A /* Build configuration list for PBXNativeTarget "¿Weather?" */ = {
			isa = XCConfigurationList;
			buildConfigurations = (
				9F0C7A2D1A960D460000BC2A /* Debug */,
				9F0C7A2E1A960D460000BC2A /* Release */,
			);
			defaultConfigurationIsVisible = 0;
			defaultConfigurationName = Release;
		};
		9F0C7A2F1A960D460000BC2A /* Build configuration list for PBXNativeTarget "¿Weather?Tests" */ = {
			isa = XCConfigurationList;
			buildConfigurations = (
				9F0C7A301A960D460000BC2A /* Debug */,
				9F0C7A311A960D460000BC2A /* Release */,
			);
			defaultConfigurationIsVisible = 0;
			defaultConfigurationName = Release;
		};
/* End XCConfigurationList section */
	};
	rootObject = 9F0C7A051A960D460000BC2A /* Project object */;
}
